
Microsoft Visual Studio Solution File, Format Version 12.00
# Visual Studio 15
VisualStudioVersion = 15.0.28307.168
MinimumVisualStudioVersion = 10.0.40219.1
Project("{8BC9CEB8-8B4A-11D0-8D11-00A0C91BC942}") = "opencv_score", "opencv_score\opencv_score.vcxproj", "{FCC95D89-3D47-4C19-95A3-CCD30F97CFF6}"
EndProject
Project("{8BC9CEB8-8B4A-11D0-8D11-00A0C91BC942}") = "image-watch-demo", "image-watch-demo\image-watch-demo.vcxproj", "{0018CF06-065D-492E-9297-597BB0748973}"
EndProject
Project("{8BC9CEB8-8B4A-11D0-8D11-00A0C91BC942}") = "OpenCVBridge", "OpenCVBridge\OpenCVBridge.vcxproj", "{4B87D626-42A9-4496-A788-85B9C1EDF76F}"
EndProject
Project("{FAE04EC0-301F-11D3-BF4B-00C04F79EFBC}") = "App1", "App1\App1.csproj", "{5F053928-0DF7-4990-915A-9FF159DD80B7}"
EndProject
Project("{8BC9CEB8-8B4A-11D0-8D11-00A0C91BC942}") = "ScoreCore", "ScoreCore\ScoreCore.vcxproj", "{585477E1-AD6E-4A7E-A310-12448C56B5B4}"
EndProject
Project("{8BC9CEB8-8B4A-11D0-8D11-00A0C91BC942}") = "ScoreWrapper", "ScoreWrapper\ScoreWrapper.vcxproj", "{96543477-3CF1-403E-A295-2064941F58D4}"
EndProject
Project("{FAE04EC0-301F-11D3-BF4B-00C04F79EFBC}") = "ScoreSandbox", "ScoreSandbox\ScoreSandbox.csproj", "{06851D6F-3E68-4C54-A234-07EF5B83013C}"
EndProject
Global
	GlobalSection(SolutionConfigurationPlatforms) = preSolution
		Debug|Any CPU = Debug|Any CPU
		Debug|ARM = Debug|ARM
		Debug|ARM64 = Debug|ARM64
		Debug|x64 = Debug|x64
		Debug|x86 = Debug|x86
		Release|Any CPU = Release|Any CPU
		Release|ARM = Release|ARM
		Release|ARM64 = Release|ARM64
		Release|x64 = Release|x64
		Release|x86 = Release|x86
	EndGlobalSection
	GlobalSection(ProjectConfigurationPlatforms) = postSolution
		{FCC95D89-3D47-4C19-95A3-CCD30F97CFF6}.Debug|Any CPU.ActiveCfg = Debug|Win32
		{FCC95D89-3D47-4C19-95A3-CCD30F97CFF6}.Debug|ARM.ActiveCfg = Debug|Win32
		{FCC95D89-3D47-4C19-95A3-CCD30F97CFF6}.Debug|ARM64.ActiveCfg = Debug|Win32
		{FCC95D89-3D47-4C19-95A3-CCD30F97CFF6}.Debug|x64.ActiveCfg = Debug|x64
		{FCC95D89-3D47-4C19-95A3-CCD30F97CFF6}.Debug|x64.Build.0 = Debug|x64
		{FCC95D89-3D47-4C19-95A3-CCD30F97CFF6}.Debug|x86.ActiveCfg = Debug|Win32
		{FCC95D89-3D47-4C19-95A3-CCD30F97CFF6}.Debug|x86.Build.0 = Debug|Win32
		{FCC95D89-3D47-4C19-95A3-CCD30F97CFF6}.Release|Any CPU.ActiveCfg = Release|Win32
		{FCC95D89-3D47-4C19-95A3-CCD30F97CFF6}.Release|ARM.ActiveCfg = Release|Win32
		{FCC95D89-3D47-4C19-95A3-CCD30F97CFF6}.Release|ARM64.ActiveCfg = Release|Win32
		{FCC95D89-3D47-4C19-95A3-CCD30F97CFF6}.Release|x64.ActiveCfg = Release|x64
		{FCC95D89-3D47-4C19-95A3-CCD30F97CFF6}.Release|x64.Build.0 = Release|x64
		{FCC95D89-3D47-4C19-95A3-CCD30F97CFF6}.Release|x86.ActiveCfg = Release|Win32
		{FCC95D89-3D47-4C19-95A3-CCD30F97CFF6}.Release|x86.Build.0 = Release|Win32
		{0018CF06-065D-492E-9297-597BB0748973}.Debug|Any CPU.ActiveCfg = Debug|Win32
		{0018CF06-065D-492E-9297-597BB0748973}.Debug|ARM.ActiveCfg = Debug|Win32
		{0018CF06-065D-492E-9297-597BB0748973}.Debug|ARM64.ActiveCfg = Debug|Win32
		{0018CF06-065D-492E-9297-597BB0748973}.Debug|x64.ActiveCfg = Debug|x64
		{0018CF06-065D-492E-9297-597BB0748973}.Debug|x64.Build.0 = Debug|x64
		{0018CF06-065D-492E-9297-597BB0748973}.Debug|x86.ActiveCfg = Debug|Win32
		{0018CF06-065D-492E-9297-597BB0748973}.Debug|x86.Build.0 = Debug|Win32
		{0018CF06-065D-492E-9297-597BB0748973}.Release|Any CPU.ActiveCfg = Release|Win32
		{0018CF06-065D-492E-9297-597BB0748973}.Release|ARM.ActiveCfg = Release|Win32
		{0018CF06-065D-492E-9297-597BB0748973}.Release|ARM64.ActiveCfg = Release|Win32
		{0018CF06-065D-492E-9297-597BB0748973}.Release|x64.ActiveCfg = Release|x64
		{0018CF06-065D-492E-9297-597BB0748973}.Release|x64.Build.0 = Release|x64
		{0018CF06-065D-492E-9297-597BB0748973}.Release|x86.ActiveCfg = Release|Win32
		{0018CF06-065D-492E-9297-597BB0748973}.Release|x86.Build.0 = Release|Win32
		{4B87D626-42A9-4496-A788-85B9C1EDF76F}.Debug|Any CPU.ActiveCfg = Debug|Win32
		{4B87D626-42A9-4496-A788-85B9C1EDF76F}.Debug|ARM.ActiveCfg = Debug|ARM
		{4B87D626-42A9-4496-A788-85B9C1EDF76F}.Debug|ARM.Build.0 = Debug|ARM
		{4B87D626-42A9-4496-A788-85B9C1EDF76F}.Debug|ARM64.ActiveCfg = Debug|ARM64
		{4B87D626-42A9-4496-A788-85B9C1EDF76F}.Debug|ARM64.Build.0 = Debug|ARM64
		{4B87D626-42A9-4496-A788-85B9C1EDF76F}.Debug|x64.ActiveCfg = Debug|x64
		{4B87D626-42A9-4496-A788-85B9C1EDF76F}.Debug|x64.Build.0 = Debug|x64
		{4B87D626-42A9-4496-A788-85B9C1EDF76F}.Debug|x86.ActiveCfg = Debug|Win32
		{4B87D626-42A9-4496-A788-85B9C1EDF76F}.Debug|x86.Build.0 = Debug|Win32
		{4B87D626-42A9-4496-A788-85B9C1EDF76F}.Release|Any CPU.ActiveCfg = Release|Win32
		{4B87D626-42A9-4496-A788-85B9C1EDF76F}.Release|ARM.ActiveCfg = Release|ARM
		{4B87D626-42A9-4496-A788-85B9C1EDF76F}.Release|ARM.Build.0 = Release|ARM
		{4B87D626-42A9-4496-A788-85B9C1EDF76F}.Release|ARM64.ActiveCfg = Release|ARM64
		{4B87D626-42A9-4496-A788-85B9C1EDF76F}.Release|ARM64.Build.0 = Release|ARM64
		{4B87D626-42A9-4496-A788-85B9C1EDF76F}.Release|x64.ActiveCfg = Release|x64
		{4B87D626-42A9-4496-A788-85B9C1EDF76F}.Release|x64.Build.0 = Release|x64
		{4B87D626-42A9-4496-A788-85B9C1EDF76F}.Release|x86.ActiveCfg = Release|Win32
		{4B87D626-42A9-4496-A788-85B9C1EDF76F}.Release|x86.Build.0 = Release|Win32
		{5F053928-0DF7-4990-915A-9FF159DD80B7}.Debug|Any CPU.ActiveCfg = Debug|x86
		{5F053928-0DF7-4990-915A-9FF159DD80B7}.Debug|ARM.ActiveCfg = Debug|ARM
		{5F053928-0DF7-4990-915A-9FF159DD80B7}.Debug|ARM.Build.0 = Debug|ARM
		{5F053928-0DF7-4990-915A-9FF159DD80B7}.Debug|ARM.Deploy.0 = Debug|ARM
		{5F053928-0DF7-4990-915A-9FF159DD80B7}.Debug|ARM64.ActiveCfg = Debug|ARM64
		{5F053928-0DF7-4990-915A-9FF159DD80B7}.Debug|ARM64.Build.0 = Debug|ARM64
		{5F053928-0DF7-4990-915A-9FF159DD80B7}.Debug|ARM64.Deploy.0 = Debug|ARM64
		{5F053928-0DF7-4990-915A-9FF159DD80B7}.Debug|x64.ActiveCfg = Debug|x64
		{5F053928-0DF7-4990-915A-9FF159DD80B7}.Debug|x64.Build.0 = Debug|x64
		{5F053928-0DF7-4990-915A-9FF159DD80B7}.Debug|x64.Deploy.0 = Debug|x64
		{5F053928-0DF7-4990-915A-9FF159DD80B7}.Debug|x86.ActiveCfg = Debug|x86
		{5F053928-0DF7-4990-915A-9FF159DD80B7}.Debug|x86.Build.0 = Debug|x86
		{5F053928-0DF7-4990-915A-9FF159DD80B7}.Debug|x86.Deploy.0 = Debug|x86
		{5F053928-0DF7-4990-915A-9FF159DD80B7}.Release|Any CPU.ActiveCfg = Release|x86
		{5F053928-0DF7-4990-915A-9FF159DD80B7}.Release|ARM.ActiveCfg = Release|ARM
		{5F053928-0DF7-4990-915A-9FF159DD80B7}.Release|ARM.Build.0 = Release|ARM
		{5F053928-0DF7-4990-915A-9FF159DD80B7}.Release|ARM.Deploy.0 = Release|ARM
		{5F053928-0DF7-4990-915A-9FF159DD80B7}.Release|ARM64.ActiveCfg = Release|ARM64
		{5F053928-0DF7-4990-915A-9FF159DD80B7}.Release|ARM64.Build.0 = Release|ARM64
		{5F053928-0DF7-4990-915A-9FF159DD80B7}.Release|ARM64.Deploy.0 = Release|ARM64
		{5F053928-0DF7-4990-915A-9FF159DD80B7}.Release|x64.ActiveCfg = Release|x64
		{5F053928-0DF7-4990-915A-9FF159DD80B7}.Release|x64.Build.0 = Release|x64
		{5F053928-0DF7-4990-915A-9FF159DD80B7}.Release|x64.Deploy.0 = Release|x64
		{5F053928-0DF7-4990-915A-9FF159DD80B7}.Release|x86.ActiveCfg = Release|x86
		{5F053928-0DF7-4990-915A-9FF159DD80B7}.Release|x86.Build.0 = Release|x86
		{5F053928-0DF7-4990-915A-9FF159DD80B7}.Release|x86.Deploy.0 = Release|x86
		{585477E1-AD6E-4A7E-A310-12448C56B5B4}.Debug|Any CPU.ActiveCfg = Debug|Win32
		{585477E1-AD6E-4A7E-A310-12448C56B5B4}.Debug|ARM.ActiveCfg = Debug|Win32
		{585477E1-AD6E-4A7E-A310-12448C56B5B4}.Debug|ARM64.ActiveCfg = Debug|Win32
		{585477E1-AD6E-4A7E-A310-12448C56B5B4}.Debug|x64.ActiveCfg = Debug|x64
		{585477E1-AD6E-4A7E-A310-12448C56B5B4}.Debug|x64.Build.0 = Debug|x64
		{585477E1-AD6E-4A7E-A310-12448C56B5B4}.Debug|x86.ActiveCfg = Debug|Win32
		{585477E1-AD6E-4A7E-A310-12448C56B5B4}.Debug|x86.Build.0 = Debug|Win32
		{585477E1-AD6E-4A7E-A310-12448C56B5B4}.Release|Any CPU.ActiveCfg = Release|Win32
		{585477E1-AD6E-4A7E-A310-12448C56B5B4}.Release|ARM.ActiveCfg = Release|Win32
		{585477E1-AD6E-4A7E-A310-12448C56B5B4}.Release|ARM64.ActiveCfg = Release|Win32
		{585477E1-AD6E-4A7E-A310-12448C56B5B4}.Release|x64.ActiveCfg = Release|x64
		{585477E1-AD6E-4A7E-A310-12448C56B5B4}.Release|x64.Build.0 = Release|x64
		{585477E1-AD6E-4A7E-A310-12448C56B5B4}.Release|x86.ActiveCfg = Release|Win32
		{585477E1-AD6E-4A7E-A310-12448C56B5B4}.Release|x86.Build.0 = Release|Win32
		{96543477-3CF1-403E-A295-2064941F58D4}.Debug|Any CPU.ActiveCfg = Debug|Win32
		{96543477-3CF1-403E-A295-2064941F58D4}.Debug|ARM.ActiveCfg = Debug|Win32
		{96543477-3CF1-403E-A295-2064941F58D4}.Debug|ARM64.ActiveCfg = Debug|Win32
		{96543477-3CF1-403E-A295-2064941F58D4}.Debug|x64.ActiveCfg = Debug|x64
		{96543477-3CF1-403E-A295-2064941F58D4}.Debug|x64.Build.0 = Debug|x64
		{96543477-3CF1-403E-A295-2064941F58D4}.Debug|x86.ActiveCfg = Debug|Win32
		{96543477-3CF1-403E-A295-2064941F58D4}.Debug|x86.Build.0 = Debug|Win32
		{96543477-3CF1-403E-A295-2064941F58D4}.Release|Any CPU.ActiveCfg = Release|Win32
		{96543477-3CF1-403E-A295-2064941F58D4}.Release|ARM.ActiveCfg = Release|Win32
		{96543477-3CF1-403E-A295-2064941F58D4}.Release|ARM64.ActiveCfg = Release|Win32
		{96543477-3CF1-403E-A295-2064941F58D4}.Release|x64.ActiveCfg = Release|x64
		{96543477-3CF1-403E-A295-2064941F58D4}.Release|x64.Build.0 = Release|x64
		{96543477-3CF1-403E-A295-2064941F58D4}.Release|x86.ActiveCfg = Release|Win32
		{96543477-3CF1-403E-A295-2064941F58D4}.Release|x86.Build.0 = Release|Win32
		{06851D6F-3E68-4C54-A234-07EF5B83013C}.Debug|Any CPU.ActiveCfg = Debug|Any CPU
		{06851D6F-3E68-4C54-A234-07EF5B83013C}.Debug|Any CPU.Build.0 = Debug|Any CPU
		{06851D6F-3E68-4C54-A234-07EF5B83013C}.Debug|ARM.ActiveCfg = Debug|Any CPU
		{06851D6F-3E68-4C54-A234-07EF5B83013C}.Debug|ARM.Build.0 = Debug|Any CPU
		{06851D6F-3E68-4C54-A234-07EF5B83013C}.Debug|ARM64.ActiveCfg = Debug|Any CPU
		{06851D6F-3E68-4C54-A234-07EF5B83013C}.Debug|ARM64.Build.0 = Debug|Any CPU
		{06851D6F-3E68-4C54-A234-07EF5B83013C}.Debug|x64.ActiveCfg = Debug|x64
		{06851D6F-3E68-4C54-A234-07EF5B83013C}.Debug|x64.Build.0 = Debug|x64
		{06851D6F-3E68-4C54-A234-07EF5B83013C}.Debug|x86.ActiveCfg = Debug|Any CPU
		{06851D6F-3E68-4C54-A234-07EF5B83013C}.Debug|x86.Build.0 = Debug|Any CPU
		{06851D6F-3E68-4C54-A234-07EF5B83013C}.Release|Any CPU.ActiveCfg = Release|Any CPU
		{06851D6F-3E68-4C54-A234-07EF5B83013C}.Release|Any CPU.Build.0 = Release|Any CPU
		{06851D6F-3E68-4C54-A234-07EF5B83013C}.Release|ARM.ActiveCfg = Release|Any CPU
		{06851D6F-3E68-4C54-A234-07EF5B83013C}.Release|ARM.Build.0 = Release|Any CPU
		{06851D6F-3E68-4C54-A234-07EF5B83013C}.Release|ARM64.ActiveCfg = Release|Any CPU
		{06851D6F-3E68-4C54-A234-07EF5B83013C}.Release|ARM64.Build.0 = Release|Any CPU
		{06851D6F-3E68-4C54-A234-07EF5B83013C}.Release|x64.ActiveCfg = Release|Any CPU
		{06851D6F-3E68-4C54-A234-07EF5B83013C}.Release|x64.Build.0 = Release|Any CPU
		{06851D6F-3E68-4C54-A234-07EF5B83013C}.Release|x86.ActiveCfg = Release|Any CPU
		{06851D6F-3E68-4C54-A234-07EF5B83013C}.Release|x86.Build.0 = Release|Any CPU
	EndGlobalSection
	GlobalSection(SolutionProperties) = preSolution
		HideSolutionNode = FALSE
	EndGlobalSection
	GlobalSection(ExtensibilityGlobals) = postSolution
		SolutionGuid = {AAF7E915-01CF-426B-AF11-2017B90F936B}
	EndGlobalSection
EndGlobal
